
Microsoft Visual Studio Solution File, Format Version 12.00
# Visual Studio Version 17
VisualStudioVersion = 17.8.34408.163
MinimumVisualStudioVersion = 10.0.40219.1
Project("{9A19103F-16F7-4668-BE54-9A1E7A4F7556}") = "GetArea", "GetArea\GetArea.csproj", "{E5BDBDBA-724E-48D2-B2C0-31CEFC3B656E}"
EndProject
Project("{9A19103F-16F7-4668-BE54-9A1E7A4F7556}") = "TestArea", "TestArea\TestArea.csproj", "{A552D65E-CA45-4F31-8870-335C1B3C8433}"
EndProject
Global
	GlobalSection(SolutionConfigurationPlatforms) = preSolution
		Debug|Any CPU = Debug|Any CPU
		Release|Any CPU = Release|Any CPU
	EndGlobalSection
	GlobalSection(ProjectConfigurationPlatforms) = postSolution
		{E5BDBDBA-724E-48D2-B2C0-31CEFC3B656E}.Debug|Any CPU.ActiveCfg = Debug|Any CPU
		{E5BDBDBA-724E-48D2-B2C0-31CEFC3B656E}.Debug|Any CPU.Build.0 = Debug|Any CPU
		{E5BDBDBA-724E-48D2-B2C0-31CEFC3B656E}.Release|Any CPU.ActiveCfg = Release|Any CPU
		{E5BDBDBA-724E-48D2-B2C0-31CEFC3B656E}.Release|Any CPU.Build.0 = Release|Any CPU
		{A552D65E-CA45-4F31-8870-335C1B3C8433}.Debug|Any CPU.ActiveCfg = Debug|Any CPU
		{A552D65E-CA45-4F31-8870-335C1B3C8433}.Debug|Any CPU.Build.0 = Debug|Any CPU
		{A552D65E-CA45-4F31-8870-335C1B3C8433}.Release|Any CPU.ActiveCfg = Release|Any CPU
		{A552D65E-CA45-4F31-8870-335C1B3C8433}.Release|Any CPU.Build.0 = Release|Any CPU
	EndGlobalSection
	GlobalSection(SolutionProperties) = preSolution
		HideSolutionNode = FALSE
	EndGlobalSection
	GlobalSection(ExtensibilityGlobals) = postSolution
		SolutionGuid = {FCEBB7E2-EA22-407F-98F6-5C3A5882A1B1}
	EndGlobalSection
EndGlobal
